
Microsoft Visual Studio Solution File, Format Version 12.00
# Visual Studio 15
VisualStudioVersion = 15.0.27004.2006
MinimumVisualStudioVersion = 10.0.40219.1
Project("{FAE04EC0-301F-11D3-BF4B-00C04F79EFBC}") = "Models", "Models\Models.csproj", "{081AED85-5D07-41F4-946F-E5459AFDFF95}"
EndProject
Project("{FAE04EC0-301F-11D3-BF4B-00C04F79EFBC}") = "Repositories", "Repositories\Repositories.csproj", "{96F60587-FBEA-408F-9086-4EB85EB193FE}"
EndProject
Project("{FAE04EC0-301F-11D3-BF4B-00C04F79EFBC}") = "BusinessServices", "BusinessServices\BusinessServices.csproj", "{713D7444-AE67-46F4-BC44-039B31B5D079}"
EndProject
Project("{FAE04EC0-301F-11D3-BF4B-00C04F79EFBC}") = "Testing", "Testing\Testing.csproj", "{8C037571-B0D5-4C70-B4AF-0C8B972A39AD}"
	ProjectSection(ProjectDependencies) = postProject
		{AB2D8152-9DED-4E5A-BDA0-49A926864A61} = {AB2D8152-9DED-4E5A-BDA0-49A926864A61}
	EndProjectSection
EndProject
Project("{FAE04EC0-301F-11D3-BF4B-00C04F79EFBC}") = "Interfaces", "Interfaces\Interfaces.csproj", "{384B1964-3803-4197-A095-5003AF46FF5E}"
EndProject
Project("{FAE04EC0-301F-11D3-BF4B-00C04F79EFBC}") = "WcfServiceApp", "WcfServiceApp\WcfServiceApp.csproj", "{AB2D8152-9DED-4E5A-BDA0-49A926864A61}"
EndProject
Global
	GlobalSection(SolutionConfigurationPlatforms) = preSolution
		Debug|Any CPU = Debug|Any CPU
		Release|Any CPU = Release|Any CPU
	EndGlobalSection
	GlobalSection(ProjectConfigurationPlatforms) = postSolution
		{081AED85-5D07-41F4-946F-E5459AFDFF95}.Debug|Any CPU.ActiveCfg = Debug|Any CPU
		{081AED85-5D07-41F4-946F-E5459AFDFF95}.Debug|Any CPU.Build.0 = Debug|Any CPU
		{081AED85-5D07-41F4-946F-E5459AFDFF95}.Release|Any CPU.ActiveCfg = Release|Any CPU
		{081AED85-5D07-41F4-946F-E5459AFDFF95}.Release|Any CPU.Build.0 = Release|Any CPU
		{96F60587-FBEA-408F-9086-4EB85EB193FE}.Debug|Any CPU.ActiveCfg = Debug|Any CPU
		{96F60587-FBEA-408F-9086-4EB85EB193FE}.Debug|Any CPU.Build.0 = Debug|Any CPU
		{96F60587-FBEA-408F-9086-4EB85EB193FE}.Release|Any CPU.ActiveCfg = Release|Any CPU
		{96F60587-FBEA-408F-9086-4EB85EB193FE}.Release|Any CPU.Build.0 = Release|Any CPU
		{713D7444-AE67-46F4-BC44-039B31B5D079}.Debug|Any CPU.ActiveCfg = Debug|Any CPU
		{713D7444-AE67-46F4-BC44-039B31B5D079}.Debug|Any CPU.Build.0 = Debug|Any CPU
		{713D7444-AE67-46F4-BC44-039B31B5D079}.Release|Any CPU.ActiveCfg = Release|Any CPU
		{713D7444-AE67-46F4-BC44-039B31B5D079}.Release|Any CPU.Build.0 = Release|Any CPU
		{8C037571-B0D5-4C70-B4AF-0C8B972A39AD}.Debug|Any CPU.ActiveCfg = Debug|Any CPU
		{8C037571-B0D5-4C70-B4AF-0C8B972A39AD}.Debug|Any CPU.Build.0 = Debug|Any CPU
		{8C037571-B0D5-4C70-B4AF-0C8B972A39AD}.Release|Any CPU.ActiveCfg = Release|Any CPU
		{8C037571-B0D5-4C70-B4AF-0C8B972A39AD}.Release|Any CPU.Build.0 = Release|Any CPU
		{384B1964-3803-4197-A095-5003AF46FF5E}.Debug|Any CPU.ActiveCfg = Debug|Any CPU
		{384B1964-3803-4197-A095-5003AF46FF5E}.Debug|Any CPU.Build.0 = Debug|Any CPU
		{384B1964-3803-4197-A095-5003AF46FF5E}.Release|Any CPU.ActiveCfg = Release|Any CPU
		{384B1964-3803-4197-A095-5003AF46FF5E}.Release|Any CPU.Build.0 = Release|Any CPU
		{AB2D8152-9DED-4E5A-BDA0-49A926864A61}.Debug|Any CPU.ActiveCfg = Debug|Any CPU
		{AB2D8152-9DED-4E5A-BDA0-49A926864A61}.Debug|Any CPU.Build.0 = Debug|Any CPU
		{AB2D8152-9DED-4E5A-BDA0-49A926864A61}.Release|Any CPU.ActiveCfg = Release|Any CPU
		{AB2D8152-9DED-4E5A-BDA0-49A926864A61}.Release|Any CPU.Build.0 = Release|Any CPU
	EndGlobalSection
	GlobalSection(SolutionProperties) = preSolution
		HideSolutionNode = FALSE
	EndGlobalSection
	GlobalSection(ExtensibilityGlobals) = postSolution
		SolutionGuid = {0036515D-079A-42B8-9C35-F26DBC7E1376}
	EndGlobalSection
EndGlobal
